<Solution>
  <Project Path="BroAudioEditor.csproj" />
  <Project Path="Assembly-CSharp.csproj" />
  <Project Path="AstarPathfindingProject.csproj" />
  <Project Path="BroAudio.csproj" />
  <Project Path="PackageToolsEditor.csproj" />
  <Project Path="Assembly-CSharp-firstpass.csproj" />
  <Project Path="Assembly-CSharp-Editor.csproj" />
  <Project Path="AstarPathfindingProjectEditor.csproj" />
</Solution>
